
Microsoft Visual Studio Solution File, Format Version 12.00
# Visual Studio Version 16
VisualStudioVersion = 16.0.29613.14
MinimumVisualStudioVersion = 10.0.40219.1
Project("{9A19103F-16F7-4668-BE54-9A1E7A4F7556}") = "API", "API.csproj", "{9E561271-B3EB-438C-B7AC-522CDCADB35D}"
EndProject
Global
	GlobalSection(SolutionConfigurationPlatforms) = preSolution
		Debug|Any CPU = Debug|Any CPU
		Release|Any CPU = Release|Any CPU
	EndGlobalSection
	GlobalSection(ProjectConfigurationPlatforms) = postSolution
		{9E561271-B3EB-438C-B7AC-522CDCADB35D}.Debug|Any CPU.ActiveCfg = Debug|Any CPU
		{9E561271-B3EB-438C-B7AC-522CDCADB35D}.Debug|Any CPU.Build.0 = Debug|Any CPU
		{9E561271-B3EB-438C-B7AC-522CDCADB35D}.Release|Any CPU.ActiveCfg = Release|Any CPU
		{9E561271-B3EB-438C-B7AC-522CDCADB35D}.Release|Any CPU.Build.0 = Release|Any CPU
	EndGlobalSection
	GlobalSection(SolutionProperties) = preSolution
		HideSolutionNode = FALSE
	EndGlobalSection
	GlobalSection(ExtensibilityGlobals) = postSolution
		SolutionGuid = {F26CC45D-342E-46B1-A280-F90C8AF85E9B}
	EndGlobalSection
EndGlobal
